
Microsoft Visual Studio Solution File, Format Version 12.00
# Visual Studio Version 17
VisualStudioVersion = 17.4.33122.133
MinimumVisualStudioVersion = 10.0.40219.1
Project("{9A19103F-16F7-4668-BE54-9A1E7A4F7556}") = "MedPro", "MedPro\MedPro.csproj", "{BCB2D7D0-5EB1-4422-9D09-55C0CEA9C985}"
EndProject
Project("{FAE04EC0-301F-11D3-BF4B-00C04F79EFBC}") = "MedPro.CORE", "MedPro.CORE\MedPro.CORE.csproj", "{0DB56515-0506-4103-8D77-32EF3A2E2A6C}"
EndProject
Project("{FAE04EC0-301F-11D3-BF4B-00C04F79EFBC}") = "MedPro.EF", "MedPro.EF\MedPro.EF.csproj", "{272EEAF2-EC33-4477-8909-0584630B5ABB}"
EndProject
Global
	GlobalSection(SolutionConfigurationPlatforms) = preSolution
		Debug|Any CPU = Debug|Any CPU
		Release|Any CPU = Release|Any CPU
	EndGlobalSection
	GlobalSection(ProjectConfigurationPlatforms) = postSolution
		{BCB2D7D0-5EB1-4422-9D09-55C0CEA9C985}.Debug|Any CPU.ActiveCfg = Debug|Any CPU
		{BCB2D7D0-5EB1-4422-9D09-55C0CEA9C985}.Debug|Any CPU.Build.0 = Debug|Any CPU
		{BCB2D7D0-5EB1-4422-9D09-55C0CEA9C985}.Release|Any CPU.ActiveCfg = Release|Any CPU
		{BCB2D7D0-5EB1-4422-9D09-55C0CEA9C985}.Release|Any CPU.Build.0 = Release|Any CPU
		{0DB56515-0506-4103-8D77-32EF3A2E2A6C}.Debug|Any CPU.ActiveCfg = Debug|Any CPU
		{0DB56515-0506-4103-8D77-32EF3A2E2A6C}.Debug|Any CPU.Build.0 = Debug|Any CPU
		{0DB56515-0506-4103-8D77-32EF3A2E2A6C}.Release|Any CPU.ActiveCfg = Release|Any CPU
		{0DB56515-0506-4103-8D77-32EF3A2E2A6C}.Release|Any CPU.Build.0 = Release|Any CPU
		{272EEAF2-EC33-4477-8909-0584630B5ABB}.Debug|Any CPU.ActiveCfg = Debug|Any CPU
		{272EEAF2-EC33-4477-8909-0584630B5ABB}.Debug|Any CPU.Build.0 = Debug|Any CPU
		{272EEAF2-EC33-4477-8909-0584630B5ABB}.Release|Any CPU.ActiveCfg = Release|Any CPU
		{272EEAF2-EC33-4477-8909-0584630B5ABB}.Release|Any CPU.Build.0 = Release|Any CPU
	EndGlobalSection
	GlobalSection(SolutionProperties) = preSolution
		HideSolutionNode = FALSE
	EndGlobalSection
	GlobalSection(ExtensibilityGlobals) = postSolution
		SolutionGuid = {265E2CC7-8872-47B7-B3AD-A70FFC177CA2}
	EndGlobalSection
EndGlobal
